
Microsoft Visual Studio Solution File, Format Version 12.00
# Visual Studio Version 17
VisualStudioVersion = 17.14.36414.22 d17.14
MinimumVisualStudioVersion = 10.0.40219.1
Project("{FAE04EC0-301F-11D3-BF4B-00C04F79EFBC}") = "Laboratorio171", "Laboratorio171\Laboratorio171.csproj", "{A13ACF25-0994-40DD-A4E6-D8A572ECC10F}"
EndProject
Global
	GlobalSection(SolutionConfigurationPlatforms) = preSolution
		Debug|Any CPU = Debug|Any CPU
		Release|Any CPU = Release|Any CPU
	EndGlobalSection
	GlobalSection(ProjectConfigurationPlatforms) = postSolution
		{A13ACF25-0994-40DD-A4E6-D8A572ECC10F}.Debug|Any CPU.ActiveCfg = Debug|Any CPU
		{A13ACF25-0994-40DD-A4E6-D8A572ECC10F}.Debug|Any CPU.Build.0 = Debug|Any CPU
		{A13ACF25-0994-40DD-A4E6-D8A572ECC10F}.Release|Any CPU.ActiveCfg = Release|Any CPU
		{A13ACF25-0994-40DD-A4E6-D8A572ECC10F}.Release|Any CPU.Build.0 = Release|Any CPU
	EndGlobalSection
	GlobalSection(SolutionProperties) = preSolution
		HideSolutionNode = FALSE
	EndGlobalSection
	GlobalSection(ExtensibilityGlobals) = postSolution
		SolutionGuid = {6294B6D3-B616-4387-8969-0B187ABE120A}
	EndGlobalSection
EndGlobal
