
Microsoft Visual Studio Solution File, Format Version 12.00
# Visual Studio Version 17
VisualStudioVersion = 17.14.36414.22 d17.14
MinimumVisualStudioVersion = 10.0.40219.1
Project("{FAE04EC0-301F-11D3-BF4B-00C04F79EFBC}") = "Laboratorio 2", "Laboratorio 2\Laboratorio 2.csproj", "{808D3754-D320-4495-9C80-22F9A8A1DB7D}"
EndProject
Project("{FAE04EC0-301F-11D3-BF4B-00C04F79EFBC}") = "Laboratorio 21", "Laboratorio 21\Laboratorio 21.csproj", "{B6304DD1-9C6B-4C66-9127-57EE6716763D}"
EndProject
Global
	GlobalSection(SolutionConfigurationPlatforms) = preSolution
		Debug|Any CPU = Debug|Any CPU
		Release|Any CPU = Release|Any CPU
	EndGlobalSection
	GlobalSection(ProjectConfigurationPlatforms) = postSolution
		{808D3754-D320-4495-9C80-22F9A8A1DB7D}.Debug|Any CPU.ActiveCfg = Debug|Any CPU
		{808D3754-D320-4495-9C80-22F9A8A1DB7D}.Debug|Any CPU.Build.0 = Debug|Any CPU
		{808D3754-D320-4495-9C80-22F9A8A1DB7D}.Release|Any CPU.ActiveCfg = Release|Any CPU
		{808D3754-D320-4495-9C80-22F9A8A1DB7D}.Release|Any CPU.Build.0 = Release|Any CPU
		{B6304DD1-9C6B-4C66-9127-57EE6716763D}.Debug|Any CPU.ActiveCfg = Debug|Any CPU
		{B6304DD1-9C6B-4C66-9127-57EE6716763D}.Debug|Any CPU.Build.0 = Debug|Any CPU
		{B6304DD1-9C6B-4C66-9127-57EE6716763D}.Release|Any CPU.ActiveCfg = Release|Any CPU
		{B6304DD1-9C6B-4C66-9127-57EE6716763D}.Release|Any CPU.Build.0 = Release|Any CPU
	EndGlobalSection
	GlobalSection(SolutionProperties) = preSolution
		HideSolutionNode = FALSE
	EndGlobalSection
	GlobalSection(ExtensibilityGlobals) = postSolution
		SolutionGuid = {0AD81B2C-FE38-409E-B952-69BA1EA01C48}
	EndGlobalSection
EndGlobal
