
Microsoft Visual Studio Solution File, Format Version 12.00
# Visual Studio Version 17
VisualStudioVersion = 17.14.36414.22 d17.14
MinimumVisualStudioVersion = 10.0.40219.1
Project("{FAE04EC0-301F-11D3-BF4B-00C04F79EFBC}") = "Laboratorio71", "Laboratorio71\Laboratorio71.csproj", "{CA8FF47B-2F8B-4872-91A6-466667F52900}"
EndProject
Project("{FAE04EC0-301F-11D3-BF4B-00C04F79EFBC}") = "Laboratorio72", "Laboratorio72\Laboratorio72.csproj", "{F3B9E9AA-6D61-4024-8AE2-014C1421C7FE}"
EndProject
Global
	GlobalSection(SolutionConfigurationPlatforms) = preSolution
		Debug|Any CPU = Debug|Any CPU
		Release|Any CPU = Release|Any CPU
	EndGlobalSection
	GlobalSection(ProjectConfigurationPlatforms) = postSolution
		{CA8FF47B-2F8B-4872-91A6-466667F52900}.Debug|Any CPU.ActiveCfg = Debug|Any CPU
		{CA8FF47B-2F8B-4872-91A6-466667F52900}.Debug|Any CPU.Build.0 = Debug|Any CPU
		{CA8FF47B-2F8B-4872-91A6-466667F52900}.Release|Any CPU.ActiveCfg = Release|Any CPU
		{CA8FF47B-2F8B-4872-91A6-466667F52900}.Release|Any CPU.Build.0 = Release|Any CPU
		{F3B9E9AA-6D61-4024-8AE2-014C1421C7FE}.Debug|Any CPU.ActiveCfg = Debug|Any CPU
		{F3B9E9AA-6D61-4024-8AE2-014C1421C7FE}.Debug|Any CPU.Build.0 = Debug|Any CPU
		{F3B9E9AA-6D61-4024-8AE2-014C1421C7FE}.Release|Any CPU.ActiveCfg = Release|Any CPU
		{F3B9E9AA-6D61-4024-8AE2-014C1421C7FE}.Release|Any CPU.Build.0 = Release|Any CPU
	EndGlobalSection
	GlobalSection(SolutionProperties) = preSolution
		HideSolutionNode = FALSE
	EndGlobalSection
	GlobalSection(ExtensibilityGlobals) = postSolution
		SolutionGuid = {455488F5-1179-4849-9D1E-3A4061DCCEB2}
	EndGlobalSection
EndGlobal
